
Microsoft Visual Studio Solution File, Format Version 12.00
# Visual Studio Version 16
VisualStudioVersion = 16.0.30907.101
MinimumVisualStudioVersion = 10.0.40219.1
Project("{FAE04EC0-301F-11D3-BF4B-00C04F79EFBC}") = "CateringApp", "CateringApp\CateringApp.csproj", "{9AB7BE3E-7001-40CC-9D3F-8A84A2B18FBD}"
EndProject
Global
	GlobalSection(SolutionConfigurationPlatforms) = preSolution
		Debug|Any CPU = Debug|Any CPU
		Release|Any CPU = Release|Any CPU
	EndGlobalSection
	GlobalSection(ProjectConfigurationPlatforms) = postSolution
		{9AB7BE3E-7001-40CC-9D3F-8A84A2B18FBD}.Debug|Any CPU.ActiveCfg = Debug|Any CPU
		{9AB7BE3E-7001-40CC-9D3F-8A84A2B18FBD}.Debug|Any CPU.Build.0 = Debug|Any CPU
		{9AB7BE3E-7001-40CC-9D3F-8A84A2B18FBD}.Release|Any CPU.ActiveCfg = Release|Any CPU
		{9AB7BE3E-7001-40CC-9D3F-8A84A2B18FBD}.Release|Any CPU.Build.0 = Release|Any CPU
	EndGlobalSection
	GlobalSection(SolutionProperties) = preSolution
		HideSolutionNode = FALSE
	EndGlobalSection
	GlobalSection(ExtensibilityGlobals) = postSolution
		SolutionGuid = {BACBA6EA-CF2E-4FC7-9D23-98E8E3FB247F}
	EndGlobalSection
EndGlobal
